
Microsoft Visual Studio Solution File, Format Version 12.00
# Visual Studio Version 17
VisualStudioVersion = 17.14.36429.23 d17.14
MinimumVisualStudioVersion = 10.0.40219.1
Project("{FAE04EC0-301F-11D3-BF4B-00C04F79EFBC}") = "DBConnectionG3", "DBConnectionG3.csproj", "{DF072443-320E-4D56-BD72-9F1EC2C80324}"
EndProject
Global
	GlobalSection(SolutionConfigurationPlatforms) = preSolution
		Debug|Any CPU = Debug|Any CPU
		Release|Any CPU = Release|Any CPU
	EndGlobalSection
	GlobalSection(ProjectConfigurationPlatforms) = postSolution
		{DF072443-320E-4D56-BD72-9F1EC2C80324}.Debug|Any CPU.ActiveCfg = Debug|Any CPU
		{DF072443-320E-4D56-BD72-9F1EC2C80324}.Debug|Any CPU.Build.0 = Debug|Any CPU
		{DF072443-320E-4D56-BD72-9F1EC2C80324}.Release|Any CPU.ActiveCfg = Release|Any CPU
		{DF072443-320E-4D56-BD72-9F1EC2C80324}.Release|Any CPU.Build.0 = Release|Any CPU
	EndGlobalSection
	GlobalSection(SolutionProperties) = preSolution
		HideSolutionNode = FALSE
	EndGlobalSection
	GlobalSection(ExtensibilityGlobals) = postSolution
		SolutionGuid = {F028A250-00D6-4F98-BC7F-295C23A217EC}
	EndGlobalSection
EndGlobal
